
Microsoft Visual Studio Solution File, Format Version 12.00
# Visual Studio 15
VisualStudioVersion = 15.0.26228.9
MinimumVisualStudioVersion = 10.0.40219.1
Project("{8BC9CEB8-8B4A-11D0-8D11-00A0C91BC942}") = "libPSI", "libPSI\libPSI.vcxproj", "{4B3D93AF-B008-452D-B1BC-CACC67C3DC27}"
	ProjectSection(ProjectDependencies) = postProject
		{B707F703-490A-447F-9737-C6A70B8D7A61} = {B707F703-490A-447F-9737-C6A70B8D7A61}
		{D159E2F9-226C-4B19-905E-CC1EA0EB013F} = {D159E2F9-226C-4B19-905E-CC1EA0EB013F}
	EndProjectSection
EndProject
Project("{8BC9CEB8-8B4A-11D0-8D11-00A0C91BC942}") = "frontend", "frontend\frontend.vcxproj", "{C81DC04B-A0F0-4B77-8DCE-C8190E629467}"
	ProjectSection(ProjectDependencies) = postProject
		{4B3D93AF-B008-452D-B1BC-CACC67C3DC27} = {4B3D93AF-B008-452D-B1BC-CACC67C3DC27}
		{08B0C0C5-7884-4AFA-A3BF-771C81D6FCB8} = {08B0C0C5-7884-4AFA-A3BF-771C81D6FCB8}
	EndProjectSection
EndProject
Project("{8BC9CEB8-8B4A-11D0-8D11-00A0C91BC942}") = "libPSI_Tests", "libPSI_Tests\libPSI_Tests.vcxproj", "{08B0C0C5-7884-4AFA-A3BF-771C81D6FCB8}"
	ProjectSection(ProjectDependencies) = postProject
		{4B3D93AF-B008-452D-B1BC-CACC67C3DC27} = {4B3D93AF-B008-452D-B1BC-CACC67C3DC27}
	EndProjectSection
EndProject
Project("{8BC9CEB8-8B4A-11D0-8D11-00A0C91BC942}") = "libPSI_TestsVS", "libPSI_TestsVS\libPSI_TestsVS.vcxproj", "{65381340-EC08-45B1-928E-74A4C5D46985}"
	ProjectSection(ProjectDependencies) = postProject
		{08B0C0C5-7884-4AFA-A3BF-771C81D6FCB8} = {08B0C0C5-7884-4AFA-A3BF-771C81D6FCB8}
	EndProjectSection
EndProject
Project("{2150E333-8FDC-42A3-9474-1A3956D46DE8}") = "SolutionFolder", "SolutionFolder", "{5280458E-A3DB-4965-9A35-5FB0A9F9124D}"
	ProjectSection(SolutionItems) = preProject
		CMakeLists.txt = CMakeLists.txt
		copySourceToLinux.ps1 = copySourceToLinux.ps1
		ExternalDependancies.props = ExternalDependancies.props
	EndProjectSection
EndProject
Project("{8BC9CEB8-8B4A-11D0-8D11-00A0C91BC942}") = "libOTe", "..\libOTe\libOTe\libOTe.vcxproj.vcxproj", "{D159E2F9-226C-4B19-905E-CC1EA0EB013F}"
EndProject
Project("{8BC9CEB8-8B4A-11D0-8D11-00A0C91BC942}") = "cryptoTools", "..\libOTe\cryptoTools\cryptoTools\cryptoTools.vcxproj", "{B707F703-490A-447F-9737-C6A70B8D7A61}"
EndProject
Project("{8BC9CEB8-8B4A-11D0-8D11-00A0C91BC942}") = "libOTe_TestsVS", "..\libOTe\libOTe_TestsVS\libOTe_TestsVS.vcxproj", "{3EC91167-3C50-4271-988F-0F774FFA8ACC}"
	ProjectSection(ProjectDependencies) = postProject
		{294C00B6-949E-4A45-AFA8-45D53590FC11} = {294C00B6-949E-4A45-AFA8-45D53590FC11}
	EndProjectSection
EndProject
Project("{8BC9CEB8-8B4A-11D0-8D11-00A0C91BC942}") = "libOTe_Tests", "..\libOTe\libOTe_Tests\libOTe_Tests.vcxproj.vcxproj", "{294C00B6-949E-4A45-AFA8-45D53590FC11}"
	ProjectSection(ProjectDependencies) = postProject
		{D159E2F9-226C-4B19-905E-CC1EA0EB013F} = {D159E2F9-226C-4B19-905E-CC1EA0EB013F}
	EndProjectSection
EndProject
Project("{8BC9CEB8-8B4A-11D0-8D11-00A0C91BC942}") = "testsVS_cryptoTools", "..\libOTe\cryptoTools\testsVS_cryptoTools\testsVS_cryptoTools.vcxproj", "{E0912377-D59C-4B08-B397-A7209C04B966}"
EndProject
Project("{8BC9CEB8-8B4A-11D0-8D11-00A0C91BC942}") = "tests_cryptoTools", "..\libOTe\cryptoTools\tests_cryptoTools\tests_cryptoTools.vcxproj", "{10DCA769-B168-4E7F-914E-E8A525333327}"
EndProject
Global
	GlobalSection(SolutionConfigurationPlatforms) = preSolution
		Debug|x64 = Debug|x64
		Debug|x86 = Debug|x86
		Release|x64 = Release|x64
		Release|x86 = Release|x86
	EndGlobalSection
	GlobalSection(ProjectConfigurationPlatforms) = postSolution
		{4B3D93AF-B008-452D-B1BC-CACC67C3DC27}.Debug|x64.ActiveCfg = Debug|x64
		{4B3D93AF-B008-452D-B1BC-CACC67C3DC27}.Debug|x64.Build.0 = Debug|x64
		{4B3D93AF-B008-452D-B1BC-CACC67C3DC27}.Debug|x86.ActiveCfg = Debug|x64
		{4B3D93AF-B008-452D-B1BC-CACC67C3DC27}.Release|x64.ActiveCfg = Release|x64
		{4B3D93AF-B008-452D-B1BC-CACC67C3DC27}.Release|x64.Build.0 = Release|x64
		{4B3D93AF-B008-452D-B1BC-CACC67C3DC27}.Release|x86.ActiveCfg = Release|x64
		{C81DC04B-A0F0-4B77-8DCE-C8190E629467}.Debug|x64.ActiveCfg = Debug|x64
		{C81DC04B-A0F0-4B77-8DCE-C8190E629467}.Debug|x64.Build.0 = Debug|x64
		{C81DC04B-A0F0-4B77-8DCE-C8190E629467}.Debug|x86.ActiveCfg = Debug|x64
		{C81DC04B-A0F0-4B77-8DCE-C8190E629467}.Release|x64.ActiveCfg = Release|x64
		{C81DC04B-A0F0-4B77-8DCE-C8190E629467}.Release|x64.Build.0 = Release|x64
		{C81DC04B-A0F0-4B77-8DCE-C8190E629467}.Release|x86.ActiveCfg = Release|x64
		{08B0C0C5-7884-4AFA-A3BF-771C81D6FCB8}.Debug|x64.ActiveCfg = Debug|x64
		{08B0C0C5-7884-4AFA-A3BF-771C81D6FCB8}.Debug|x64.Build.0 = Debug|x64
		{08B0C0C5-7884-4AFA-A3BF-771C81D6FCB8}.Debug|x86.ActiveCfg = Debug|x64
		{08B0C0C5-7884-4AFA-A3BF-771C81D6FCB8}.Release|x64.ActiveCfg = Release|x64
		{08B0C0C5-7884-4AFA-A3BF-771C81D6FCB8}.Release|x64.Build.0 = Release|x64
		{08B0C0C5-7884-4AFA-A3BF-771C81D6FCB8}.Release|x86.ActiveCfg = Release|x64
		{65381340-EC08-45B1-928E-74A4C5D46985}.Debug|x64.ActiveCfg = Debug|x64
		{65381340-EC08-45B1-928E-74A4C5D46985}.Debug|x64.Build.0 = Debug|x64
		{65381340-EC08-45B1-928E-74A4C5D46985}.Debug|x86.ActiveCfg = Debug|x64
		{65381340-EC08-45B1-928E-74A4C5D46985}.Release|x64.ActiveCfg = Release|x64
		{65381340-EC08-45B1-928E-74A4C5D46985}.Release|x64.Build.0 = Release|x64
		{65381340-EC08-45B1-928E-74A4C5D46985}.Release|x86.ActiveCfg = Release|x64
		{D159E2F9-226C-4B19-905E-CC1EA0EB013F}.Debug|x64.ActiveCfg = Debug|x64
		{D159E2F9-226C-4B19-905E-CC1EA0EB013F}.Debug|x64.Build.0 = Debug|x64
		{D159E2F9-226C-4B19-905E-CC1EA0EB013F}.Debug|x86.ActiveCfg = Debug|x64
		{D159E2F9-226C-4B19-905E-CC1EA0EB013F}.Release|x64.ActiveCfg = Release|x64
		{D159E2F9-226C-4B19-905E-CC1EA0EB013F}.Release|x64.Build.0 = Release|x64
		{D159E2F9-226C-4B19-905E-CC1EA0EB013F}.Release|x86.ActiveCfg = Release|x64
		{B707F703-490A-447F-9737-C6A70B8D7A61}.Debug|x64.ActiveCfg = Debug|x64
		{B707F703-490A-447F-9737-C6A70B8D7A61}.Debug|x64.Build.0 = Debug|x64
		{B707F703-490A-447F-9737-C6A70B8D7A61}.Debug|x86.ActiveCfg = Debug|x64
		{B707F703-490A-447F-9737-C6A70B8D7A61}.Release|x64.ActiveCfg = Release|x64
		{B707F703-490A-447F-9737-C6A70B8D7A61}.Release|x64.Build.0 = Release|x64
		{B707F703-490A-447F-9737-C6A70B8D7A61}.Release|x86.ActiveCfg = Release|x64
		{3EC91167-3C50-4271-988F-0F774FFA8ACC}.Debug|x64.ActiveCfg = Debug|x64
		{3EC91167-3C50-4271-988F-0F774FFA8ACC}.Debug|x64.Build.0 = Debug|x64
		{3EC91167-3C50-4271-988F-0F774FFA8ACC}.Debug|x86.ActiveCfg = Debug|x64
		{3EC91167-3C50-4271-988F-0F774FFA8ACC}.Release|x64.ActiveCfg = Release|x64
		{3EC91167-3C50-4271-988F-0F774FFA8ACC}.Release|x64.Build.0 = Release|x64
		{3EC91167-3C50-4271-988F-0F774FFA8ACC}.Release|x86.ActiveCfg = Release|x64
		{294C00B6-949E-4A45-AFA8-45D53590FC11}.Debug|x64.ActiveCfg = Debug|x64
		{294C00B6-949E-4A45-AFA8-45D53590FC11}.Debug|x64.Build.0 = Debug|x64
		{294C00B6-949E-4A45-AFA8-45D53590FC11}.Debug|x86.ActiveCfg = Debug|x64
		{294C00B6-949E-4A45-AFA8-45D53590FC11}.Release|x64.ActiveCfg = Release|x64
		{294C00B6-949E-4A45-AFA8-45D53590FC11}.Release|x64.Build.0 = Release|x64
		{294C00B6-949E-4A45-AFA8-45D53590FC11}.Release|x86.ActiveCfg = Release|x64
		{E0912377-D59C-4B08-B397-A7209C04B966}.Debug|x64.ActiveCfg = Debug|x64
		{E0912377-D59C-4B08-B397-A7209C04B966}.Debug|x64.Build.0 = Debug|x64
		{E0912377-D59C-4B08-B397-A7209C04B966}.Debug|x86.ActiveCfg = Debug|Win32
		{E0912377-D59C-4B08-B397-A7209C04B966}.Debug|x86.Build.0 = Debug|Win32
		{E0912377-D59C-4B08-B397-A7209C04B966}.Release|x64.ActiveCfg = Release|x64
		{E0912377-D59C-4B08-B397-A7209C04B966}.Release|x64.Build.0 = Release|x64
		{E0912377-D59C-4B08-B397-A7209C04B966}.Release|x86.ActiveCfg = Release|Win32
		{E0912377-D59C-4B08-B397-A7209C04B966}.Release|x86.Build.0 = Release|Win32
		{10DCA769-B168-4E7F-914E-E8A525333327}.Debug|x64.ActiveCfg = Debug|x64
		{10DCA769-B168-4E7F-914E-E8A525333327}.Debug|x64.Build.0 = Debug|x64
		{10DCA769-B168-4E7F-914E-E8A525333327}.Debug|x86.ActiveCfg = Debug|x64
		{10DCA769-B168-4E7F-914E-E8A525333327}.Release|x64.ActiveCfg = Release|x64
		{10DCA769-B168-4E7F-914E-E8A525333327}.Release|x64.Build.0 = Release|x64
		{10DCA769-B168-4E7F-914E-E8A525333327}.Release|x86.ActiveCfg = Release|x64
	EndGlobalSection
	GlobalSection(SolutionProperties) = preSolution
		HideSolutionNode = FALSE
	EndGlobalSection
EndGlobal
